// !$*UTF8*$!
{
	archiveVersion = 1;
	classes = {
	};
	objectVersion = 46;
	objects = {

/* Begin PBXBuildFile section */
		71272CC31B72F30900CC0A01 /* Supplier_list.sqlite in Resources */ = {isa = PBXBuildFile; fileRef = 71272CC21B72F30900CC0A01 /* Supplier_list.sqlite */; };
		71272CCF1B72F36500CC0A01 /* FMDatabase.m in Sources */ = {isa = PBXBuildFile; fileRef = 71272CC51B72F36500CC0A01 /* FMDatabase.m */; };
		71272CD01B72F36500CC0A01 /* FMDatabaseAdditions.m in Sources */ = {isa = PBXBuildFile; fileRef = 71272CC71B72F36500CC0A01 /* FMDatabaseAdditions.m */; };
		71272CD11B72F36500CC0A01 /* FMDatabasePool.m in Sources */ = {isa = PBXBuildFile; fileRef = 71272CC91B72F36500CC0A01 /* FMDatabasePool.m */; };
		71272CD21B72F36500CC0A01 /* FMDatabaseQueue.m in Sources */ = {isa = PBXBuildFile; fileRef = 71272CCB1B72F36500CC0A01 /* FMDatabaseQueue.m */; };
		71272CD31B72F36500CC0A01 /* FMResultSet.m in Sources */ = {isa = PBXBuildFile; fileRef = 71272CCE1B72F36500CC0A01 /* FMResultSet.m */; };
		71272CD51B72F53700CC0A01 /* libsqlite3.dylib in Frameworks */ = {isa = PBXBuildFile; fileRef = 71272CD41B72F53700CC0A01 /* libsqlite3.dylib */; };
		7136A8DC1B69D3B800C5709B /* main.m in Sources */ = {isa = PBXBuildFile; fileRef = 7136A8DB1B69D3B800C5709B /* main.m */; };
		7136A8DF1B69D3B800C5709B /* AppDelegate.m in Sources */ = {isa = PBXBuildFile; fileRef = 7136A8DE1B69D3B800C5709B /* AppDelegate.m */; };
		7136A8E21B69D3B800C5709B /* ViewController.m in Sources */ = {isa = PBXBuildFile; fileRef = 7136A8E11B69D3B800C5709B /* ViewController.m */; };
		7136A8E51B69D3B900C5709B /* Main.storyboard in Resources */ = {isa = PBXBuildFile; fileRef = 7136A8E31B69D3B900C5709B /* Main.storyboard */; };
		7136A8E71B69D3B900C5709B /* Images.xcassets in Resources */ = {isa = PBXBuildFile; fileRef = 7136A8E61B69D3B900C5709B /* Images.xcassets */; };
		7136A8F61B69D3B900C5709B /* textFieldSearchTests.m in Sources */ = {isa = PBXBuildFile; fileRef = 7136A8F51B69D3B900C5709B /* textFieldSearchTests.m */; };
		71D2EB4E1B7AF754001871D8 /* taxIdCheck.m in Sources */ = {isa = PBXBuildFile; fileRef = 71D2EB4D1B7AF754001871D8 /* taxIdCheck.m */; };
/* End PBXBuildFile section */

/* Begin PBXContainerItemProxy section */
		7136A8F01B69D3B900C5709B /* PBXContainerItemProxy */ = {
			isa = PBXContainerItemProxy;
			containerPortal = 7136A8CE1B69D3B800C5709B /* Project object */;
			proxyType = 1;
			remoteGlobalIDString = 7136A8D51B69D3B800C5709B;
			remoteInfo = textFieldSearch;
		};
/* End PBXContainerItemProxy section */

/* Begin PBXFileReference section */
		71272CC21B72F30900CC0A01 /* Supplier_list.sqlite */ = {isa = PBXFileReference; lastKnownFileType = file; path = Supplier_list.sqlite; sourceTree = "<group>"; };
		71272CC41B72F36500CC0A01 /* FMDatabase.h */ = {isa = PBXFileReference; fileEncoding = 4; lastKnownFileType = sourcecode.c.h; path = FMDatabase.h; sourceTree = "<group>"; };
		71272CC51B72F36500CC0A01 /* FMDatabase.m */ = {isa = PBXFileReference; fileEncoding = 4; lastKnownFileType = sourcecode.c.objc; path = FMDatabase.m; sourceTree = "<group>"; };
		71272CC61B72F36500CC0A01 /* FMDatabaseAdditions.h */ = {isa = PBXFileReference; fileEncoding = 4; lastKnownFileType = sourcecode.c.h; path = FMDatabaseAdditions.h; sourceTree = "<group>"; };
		71272CC71B72F36500CC0A01 /* FMDatabaseAdditions.m */ = {isa = PBXFileReference; fileEncoding = 4; lastKnownFileType = sourcecode.c.objc; path = FMDatabaseAdditions.m; sourceTree = "<group>"; };
		71272CC81B72F36500CC0A01 /* FMDatabasePool.h */ = {isa = PBXFileReference; fileEncoding = 4; lastKnownFileType = sourcecode.c.h; path = FMDatabasePool.h; sourceTree = "<group>"; };
		71272CC91B72F36500CC0A01 /* FMDatabasePool.m */ = {isa = PBXFileReference; fileEncoding = 4; lastKnownFileType = sourcecode.c.objc; path = FMDatabasePool.m; sourceTree = "<group>"; };
		71272CCA1B72F36500CC0A01 /* FMDatabaseQueue.h */ = {isa = PBXFileReference; fileEncoding = 4; lastKnownFileType = sourcecode.c.h; path = FMDatabaseQueue.h; sourceTree = "<group>"; };
		71272CCB1B72F36500CC0A01 /* FMDatabaseQueue.m */ = {isa = PBXFileReference; fileEncoding = 4; lastKnownFileType = sourcecode.c.objc; path = FMDatabaseQueue.m; sourceTree = "<group>"; };
		71272CCC1B72F36500CC0A01 /* FMDB.h */ = {isa = PBXFileReference; fileEncoding = 4; lastKnownFileType = sourcecode.c.h; path = FMDB.h; sourceTree = "<group>"; };
		71272CCD1B72F36500CC0A01 /* FMResultSet.h */ = {isa = PBXFileReference; fileEncoding = 4; lastKnownFileType = sourcecode.c.h; path = FMResultSet.h; sourceTree = "<group>"; };
		71272CCE1B72F36500CC0A01 /* FMResultSet.m */ = {isa = PBXFileReference; fileEncoding = 4; lastKnownFileType = sourcecode.c.objc; path = FMResultSet.m; sourceTree = "<group>"; };
		71272CD41B72F53700CC0A01 /* libsqlite3.dylib */ = {isa = PBXFileReference; lastKnownFileType = "compiled.mach-o.dylib"; name = libsqlite3.dylib; path = usr/lib/libsqlite3.dylib; sourceTree = SDKROOT; };
		7136A8D61B69D3B800C5709B /* textFieldSearch.app */ = {isa = PBXFileReference; explicitFileType = wrapper.application; includeInIndex = 0; path = textFieldSearch.app; sourceTree = BUILT_PRODUCTS_DIR; };
		7136A8DA1B69D3B800C5709B /* Info.plist */ = {isa = PBXFileReference; lastKnownFileType = text.plist.xml; path = Info.plist; sourceTree = "<group>"; };
		7136A8DB1B69D3B800C5709B /* main.m */ = {isa = PBXFileReference; lastKnownFileType = sourcecode.c.objc; path = main.m; sourceTree = "<group>"; };
		7136A8DD1B69D3B800C5709B /* AppDelegate.h */ = {isa = PBXFileReference; lastKnownFileType = sourcecode.c.h; path = AppDelegate.h; sourceTree = "<group>"; };
		7136A8DE1B69D3B800C5709B /* AppDelegate.m */ = {isa = PBXFileReference; lastKnownFileType = sourcecode.c.objc; path = AppDelegate.m; sourceTree = "<group>"; };
		7136A8E01B69D3B800C5709B /* ViewController.h */ = {isa = PBXFileReference; lastKnownFileType = sourcecode.c.h; path = ViewController.h; sourceTree = "<group>"; };
		7136A8E11B69D3B800C5709B /* ViewController.m */ = {isa = PBXFileReference; lastKnownFileType = sourcecode.c.objc; path = ViewController.m; sourceTree = "<group>"; };
		7136A8E41B69D3B900C5709B /* Base */ = {isa = PBXFileReference; lastKnownFileType = file.storyboard; name = Base; path = Base.lproj/Main.storyboard; sourceTree = "<group>"; };
		7136A8E61B69D3B900C5709B /* Images.xcassets */ = {isa = PBXFileReference; lastKnownFileType = folder.assetcatalog; path = Images.xcassets; sourceTree = "<group>"; };
		7136A8EF1B69D3B900C5709B /* textFieldSearchTests.xctest */ = {isa = PBXFileReference; explicitFileType = wrapper.cfbundle; includeInIndex = 0; path = textFieldSearchTests.xctest; sourceTree = BUILT_PRODUCTS_DIR; };
		7136A8F41B69D3B900C5709B /* Info.plist */ = {isa = PBXFileReference; lastKnownFileType = text.plist.xml; path = Info.plist; sourceTree = "<group>"; };
		7136A8F51B69D3B900C5709B /* textFieldSearchTests.m */ = {isa = PBXFileReference; lastKnownFileType = sourcecode.c.objc; path = textFieldSearchTests.m; sourceTree = "<group>"; };
		71D2EB4C1B7AF754001871D8 /* taxIdCheck.h */ = {isa = PBXFileReference; fileEncoding = 4; lastKnownFileType = sourcecode.c.h; path = taxIdCheck.h; sourceTree = "<group>"; };
		71D2EB4D1B7AF754001871D8 /* taxIdCheck.m */ = {isa = PBXFileReference; fileEncoding = 4; lastKnownFileType = sourcecode.c.objc; path = taxIdCheck.m; sourceTree = "<group>"; };
/* End PBXFileReference section */

/* Begin PBXFrameworksBuildPhase section */
		7136A8D31B69D3B800C5709B /* Frameworks */ = {
			isa = PBXFrameworksBuildPhase;
			buildActionMask = 2147483647;
			files = (
				71272CD51B72F53700CC0A01 /* libsqlite3.dylib in Frameworks */,
			);
			runOnlyForDeploymentPostprocessing = 0;
		};
		7136A8EC1B69D3B900C5709B /* Frameworks */ = {
			isa = PBXFrameworksBuildPhase;
			buildActionMask = 2147483647;
			files = (
			);
			runOnlyForDeploymentPostprocessing = 0;
		};
/* End PBXFrameworksBuildPhase section */

/* Begin PBXGroup section */
		7136A8CD1B69D3B800C5709B = {
			isa = PBXGroup;
			children = (
				71272CD41B72F53700CC0A01 /* libsqlite3.dylib */,
				7136A8D81B69D3B800C5709B /* textFieldSearch */,
				7136A8F21B69D3B900C5709B /* textFieldSearchTests */,
				7136A8D71B69D3B800C5709B /* Products */,
			);
			sourceTree = "<group>";
		};
		7136A8D71B69D3B800C5709B /* Products */ = {
			isa = PBXGroup;
			children = (
				7136A8D61B69D3B800C5709B /* textFieldSearch.app */,
				7136A8EF1B69D3B900C5709B /* textFieldSearchTests.xctest */,
			);
			name = Products;
			sourceTree = "<group>";
		};
		7136A8D81B69D3B800C5709B /* textFieldSearch */ = {
			isa = PBXGroup;
			children = (
				71D2EB541B7C9AD1001871D8 /* FMDB */,
				71272CC21B72F30900CC0A01 /* Supplier_list.sqlite */,
				7136A8DD1B69D3B800C5709B /* AppDelegate.h */,
				7136A8DE1B69D3B800C5709B /* AppDelegate.m */,
				7136A8E01B69D3B800C5709B /* ViewController.h */,
				7136A8E11B69D3B800C5709B /* ViewController.m */,
				7136A8E31B69D3B900C5709B /* Main.storyboard */,
				71D2EB4C1B7AF754001871D8 /* taxIdCheck.h */,
				71D2EB4D1B7AF754001871D8 /* taxIdCheck.m */,
				7136A8E61B69D3B900C5709B /* Images.xcassets */,
				7136A8D91B69D3B800C5709B /* Supporting Files */,
			);
			path = textFieldSearch;
			sourceTree = "<group>";
		};
		7136A8D91B69D3B800C5709B /* Supporting Files */ = {
			isa = PBXGroup;
			children = (
				7136A8DA1B69D3B800C5709B /* Info.plist */,
				7136A8DB1B69D3B800C5709B /* main.m */,
			);
			name = "Supporting Files";
			sourceTree = "<group>";
		};
		7136A8F21B69D3B900C5709B /* textFieldSearchTests */ = {
			isa = PBXGroup;
			children = (
				7136A8F51B69D3B900C5709B /* textFieldSearchTests.m */,
				7136A8F31B69D3B900C5709B /* Supporting Files */,
			);
			path = textFieldSearchTests;
			sourceTree = "<group>";
		};
		7136A8F31B69D3B900C5709B /* Supporting Files */ = {
			isa = PBXGroup;
			children = (
				7136A8F41B69D3B900C5709B /* Info.plist */,
			);
			name = "Supporting Files";
			sourceTree = "<group>";
		};
		71D2EB541B7C9AD1001871D8 /* FMDB */ = {
			isa = PBXGroup;
			children = (
				71272CC41B72F36500CC0A01 /* FMDatabase.h */,
				71272CC51B72F36500CC0A01 /* FMDatabase.m */,
				71272CC61B72F36500CC0A01 /* FMDatabaseAdditions.h */,
				71272CC71B72F36500CC0A01 /* FMDatabaseAdditions.m */,
				71272CC81B72F36500CC0A01 /* FMDatabasePool.h */,
				71272CC91B72F36500CC0A01 /* FMDatabasePool.m */,
				71272CCA1B72F36500CC0A01 /* FMDatabaseQueue.h */,
				71272CCB1B72F36500CC0A01 /* FMDatabaseQueue.m */,
				71272CCC1B72F36500CC0A01 /* FMDB.h */,
				71272CCD1B72F36500CC0A01 /* FMResultSet.h */,
				71272CCE1B72F36500CC0A01 /* FMResultSet.m */,
			);
			name = FMDB;
			sourceTree = "<group>";
		};
/* End PBXGroup section */

/* Begin PBXNativeTarget section */
		7136A8D51B69D3B800C5709B /* textFieldSearch */ = {
			isa = PBXNativeTarget;
			buildConfigurationList = 7136A8F91B69D3B900C5709B /* Build configuration list for PBXNativeTarget "textFieldSearch" */;
			buildPhases = (
				7136A8D21B69D3B800C5709B /* Sources */,
				7136A8D31B69D3B800C5709B /* Frameworks */,
				7136A8D41B69D3B800C5709B /* Resources */,
			);
			buildRules = (
			);
			dependencies = (
			);
			name = textFieldSearch;
			productName = textFieldSearch;
			productReference = 7136A8D61B69D3B800C5709B /* textFieldSearch.app */;
			productType = "com.apple.product-type.application";
		};
		7136A8EE1B69D3B900C5709B /* textFieldSearchTests */ = {
			isa = PBXNativeTarget;
			buildConfigurationList = 7136A8FC1B69D3B900C5709B /* Build configuration list for PBXNativeTarget "textFieldSearchTests" */;
			buildPhases = (
				7136A8EB1B69D3B900C5709B /* Sources */,
				7136A8EC1B69D3B900C5709B /* Frameworks */,
				7136A8ED1B69D3B900C5709B /* Resources */,
			);
			buildRules = (
			);
			dependencies = (
				7136A8F11B69D3B900C5709B /* PBXTargetDependency */,
			);
			name = textFieldSearchTests;
			productName = textFieldSearchTests;
			productReference = 7136A8EF1B69D3B900C5709B /* textFieldSearchTests.xctest */;
			productType = "com.apple.product-type.bundle.unit-test";
		};
/* End PBXNativeTarget section */

/* Begin PBXProject section */
		7136A8CE1B69D3B800C5709B /* Project object */ = {
			isa = PBXProject;
			attributes = {
				LastUpgradeCheck = 0630;
				ORGANIZATIONNAME = fet;
				TargetAttributes = {
					7136A8D51B69D3B800C5709B = {
						CreatedOnToolsVersion = 6.3.2;
					};
					7136A8EE1B69D3B900C5709B = {
						CreatedOnToolsVersion = 6.3.2;
						TestTargetID = 7136A8D51B69D3B800C5709B;
					};
				};
			};
			buildConfigurationList = 7136A8D11B69D3B800C5709B /* Build configuration list for PBXProject "textFieldSearch" */;
			compatibilityVersion = "Xcode 3.2";
			developmentRegion = English;
			hasScannedForEncodings = 0;
			knownRegions = (
				en,
				Base,
			);
			mainGroup = 7136A8CD1B69D3B800C5709B;
			productRefGroup = 7136A8D71B69D3B800C5709B /* Products */;
			projectDirPath = "";
			projectRoot = "";
			targets = (
				7136A8D51B69D3B800C5709B /* textFieldSearch */,
				7136A8EE1B69D3B900C5709B /* textFieldSearchTests */,
			);
		};
/* End PBXProject section */

/* Begin PBXResourcesBuildPhase section */
		7136A8D41B69D3B800C5709B /* Resources */ = {
			isa = PBXResourcesBuildPhase;
			buildActionMask = 2147483647;
			files = (
				7136A8E51B69D3B900C5709B /* Main.storyboard in Resources */,
				7136A8E71B69D3B900C5709B /* Images.xcassets in Resources */,
				71272CC31B72F30900CC0A01 /* Supplier_list.sqlite in Resources */,
			);
			runOnlyForDeploymentPostprocessing = 0;
		};
		7136A8ED1B69D3B900C5709B /* Resources */ = {
			isa = PBXResourcesBuildPhase;
			buildActionMask = 2147483647;
			files = (
			);
			runOnlyForDeploymentPostprocessing = 0;
		};
/* End PBXResourcesBuildPhase section */

/* Begin PBXSourcesBuildPhase section */
		7136A8D21B69D3B800C5709B /* Sources */ = {
			isa = PBXSourcesBuildPhase;
			buildActionMask = 2147483647;
			files = (
				7136A8E21B69D3B800C5709B /* ViewController.m in Sources */,
				71272CD11B72F36500CC0A01 /* FMDatabasePool.m in Sources */,
				7136A8DF1B69D3B800C5709B /* AppDelegate.m in Sources */,
				71272CD21B72F36500CC0A01 /* FMDatabaseQueue.m in Sources */,
				7136A8DC1B69D3B800C5709B /* main.m in Sources */,
				71D2EB4E1B7AF754001871D8 /* taxIdCheck.m in Sources */,
				71272CCF1B72F36500CC0A01 /* FMDatabase.m in Sources */,
				71272CD31B72F36500CC0A01 /* FMResultSet.m in Sources */,
				71272CD01B72F36500CC0A01 /* FMDatabaseAdditions.m in Sources */,
			);
			runOnlyForDeploymentPostprocessing = 0;
		};
		7136A8EB1B69D3B900C5709B /* Sources */ = {
			isa = PBXSourcesBuildPhase;
			buildActionMask = 2147483647;
			files = (
				7136A8F61B69D3B900C5709B /* textFieldSearchTests.m in Sources */,
			);
			runOnlyForDeploymentPostprocessing = 0;
		};
/* End PBXSourcesBuildPhase section */

/* Begin PBXTargetDependency section */
		7136A8F11B69D3B900C5709B /* PBXTargetDependency */ = {
			isa = PBXTargetDependency;
			target = 7136A8D51B69D3B800C5709B /* textFieldSearch */;
			targetProxy = 7136A8F01B69D3B900C5709B /* PBXContainerItemProxy */;
		};
/* End PBXTargetDependency section */

/* Begin PBXVariantGroup section */
		7136A8E31B69D3B900C5709B /* Main.storyboard */ = {
			isa = PBXVariantGroup;
			children = (
				7136A8E41B69D3B900C5709B /* Base */,
			);
			name = Main.storyboard;
			sourceTree = "<group>";
		};
/* End PBXVariantGroup section */

/* Begin XCBuildConfiguration section */
		7136A8F71B69D3B900C5709B /* Debug */ = {
			isa = XCBuildConfiguration;
			buildSettings = {
				ALWAYS_SEARCH_USER_PATHS = NO;
				CLANG_CXX_LANGUAGE_STANDARD = "gnu++0x";
				CLANG_CXX_LIBRARY = "libc++";
				CLANG_ENABLE_MODULES = YES;
				CLANG_ENABLE_OBJC_ARC = YES;
				CLANG_WARN_BOOL_CONVERSION = YES;
				CLANG_WARN_CONSTANT_CONVERSION = YES;
				CLANG_WARN_DIRECT_OBJC_ISA_USAGE = YES_ERROR;
				CLANG_WARN_EMPTY_BODY = YES;
				CLANG_WARN_ENUM_CONVERSION = YES;
				CLANG_WARN_INT_CONVERSION = YES;
				CLANG_WARN_OBJC_ROOT_CLASS = YES_ERROR;
				CLANG_WARN_UNREACHABLE_CODE = YES;
				CLANG_WARN__DUPLICATE_METHOD_MATCH = YES;
				"CODE_SIGN_IDENTITY[sdk=iphoneos*]" = "iPhone Developer";
				COPY_PHASE_STRIP = NO;
				DEBUG_INFORMATION_FORMAT = "dwarf-with-dsym";
				ENABLE_STRICT_OBJC_MSGSEND = YES;
				GCC_C_LANGUAGE_STANDARD = gnu99;
				GCC_DYNAMIC_NO_PIC = NO;
				GCC_NO_COMMON_BLOCKS = YES;
				GCC_OPTIMIZATION_LEVEL = 0;
				GCC_PREPROCESSOR_DEFINITIONS = (
					"DEBUG=1",
					"$(inherited)",
				);
				GCC_SYMBOLS_PRIVATE_EXTERN = NO;
				GCC_WARN_64_TO_32_BIT_CONVERSION = YES;
				GCC_WARN_ABOUT_RETURN_TYPE = YES_ERROR;
				GCC_WARN_UNDECLARED_SELECTOR = YES;
				GCC_WARN_UNINITIALIZED_AUTOS = YES_AGGRESSIVE;
				GCC_WARN_UNUSED_FUNCTION = YES;
				GCC_WARN_UNUSED_VARIABLE = YES;
				IPHONEOS_DEPLOYMENT_TARGET = 6.0;
				MTL_ENABLE_DEBUG_INFO = YES;
				ONLY_ACTIVE_ARCH = YES;
				SDKROOT = iphoneos;
			};
			name = Debug;
		};
		7136A8F81B69D3B900C5709B /* Release */ = {
			isa = XCBuildConfiguration;
			buildSettings = {
				ALWAYS_SEARCH_USER_PATHS = NO;
				CLANG_CXX_LANGUAGE_STANDARD = "gnu++0x";
				CLANG_CXX_LIBRARY = "libc++";
				CLANG_ENABLE_MODULES = YES;
				CLANG_ENABLE_OBJC_ARC = YES;
				CLANG_WARN_BOOL_CONVERSION = YES;
				CLANG_WARN_CONSTANT_CONVERSION = YES;
				CLANG_WARN_DIRECT_OBJC_ISA_USAGE = YES_ERROR;
				CLANG_WARN_EMPTY_BODY = YES;
				CLANG_WARN_ENUM_CONVERSION = YES;
				CLANG_WARN_INT_CONVERSION = YES;
				CLANG_WARN_OBJC_ROOT_CLASS = YES_ERROR;
				CLANG_WARN_UNREACHABLE_CODE = YES;
				CLANG_WARN__DUPLICATE_METHOD_MATCH = YES;
				"CODE_SIGN_IDENTITY[sdk=iphoneos*]" = "iPhone Developer";
				COPY_PHASE_STRIP = NO;
				DEBUG_INFORMATION_FORMAT = "dwarf-with-dsym";
				ENABLE_NS_ASSERTIONS = NO;
				ENABLE_STRICT_OBJC_MSGSEND = YES;
				GCC_C_LANGUAGE_STANDARD = gnu99;
				GCC_NO_COMMON_BLOCKS = YES;
				GCC_WARN_64_TO_32_BIT_CONVERSION = YES;
				GCC_WARN_ABOUT_RETURN_TYPE = YES_ERROR;
				GCC_WARN_UNDECLARED_SELECTOR = YES;
				GCC_WARN_UNINITIALIZED_AUTOS = YES_AGGRESSIVE;
				GCC_WARN_UNUSED_FUNCTION = YES;
				GCC_WARN_UNUSED_VARIABLE = YES;
				IPHONEOS_DEPLOYMENT_TARGET = 6.0;
				MTL_ENABLE_DEBUG_INFO = NO;
				SDKROOT = iphoneos;
				VALIDATE_PRODUCT = YES;
			};
			name = Release;
		};
		7136A8FA1B69D3B900C5709B /* Debug */ = {
			isa = XCBuildConfiguration;
			buildSettings = {
				ASSETCATALOG_COMPILER_APPICON_NAME = AppIcon;
				ASSETCATALOG_COMPILER_LAUNCHIMAGE_NAME = LaunchImage;
				INFOPLIST_FILE = textFieldSearch/Info.plist;
				LD_RUNPATH_SEARCH_PATHS = "$(inherited) @executable_path/Frameworks";
				PRODUCT_NAME = "$(TARGET_NAME)";
			};
			name = Debug;
		};
		7136A8FB1B69D3B900C5709B /* Release */ = {
			isa = XCBuildConfiguration;
			buildSettings = {
				ASSETCATALOG_COMPILER_APPICON_NAME = AppIcon;
				ASSETCATALOG_COMPILER_LAUNCHIMAGE_NAME = LaunchImage;
				INFOPLIST_FILE = textFieldSearch/Info.plist;
				LD_RUNPATH_SEARCH_PATHS = "$(inherited) @executable_path/Frameworks";
				PRODUCT_NAME = "$(TARGET_NAME)";
			};
			name = Release;
		};
		7136A8FD1B69D3B900C5709B /* Debug */ = {
			isa = XCBuildConfiguration;
			buildSettings = {
				BUNDLE_LOADER = "$(TEST_HOST)";
				FRAMEWORK_SEARCH_PATHS = (
					"$(SDKROOT)/Developer/Library/Frameworks",
					"$(inherited)",
				);
				GCC_PREPROCESSOR_DEFINITIONS = (
					"DEBUG=1",
					"$(inherited)",
				);
				INFOPLIST_FILE = textFieldSearchTests/Info.plist;
				LD_RUNPATH_SEARCH_PATHS = "$(inherited) @executable_path/Frameworks @loader_path/Frameworks";
				PRODUCT_NAME = "$(TARGET_NAME)";
				TEST_HOST = "$(BUILT_PRODUCTS_DIR)/textFieldSearch.app/textFieldSearch";
			};
			name = Debug;
		};
		7136A8FE1B69D3B900C5709B /* Release */ = {
			isa = XCBuildConfiguration;
			buildSettings = {
				BUNDLE_LOADER = "$(TEST_HOST)";
				FRAMEWORK_SEARCH_PATHS = (
					"$(SDKROOT)/Developer/Library/Frameworks",
					"$(inherited)",
				);
				INFOPLIST_FILE = textFieldSearchTests/Info.plist;
				LD_RUNPATH_SEARCH_PATHS = "$(inherited) @executable_path/Frameworks @loader_path/Frameworks";
				PRODUCT_NAME = "$(TARGET_NAME)";
				TEST_HOST = "$(BUILT_PRODUCTS_DIR)/textFieldSearch.app/textFieldSearch";
			};
			name = Release;
		};
/* End XCBuildConfiguration section */

/* Begin XCConfigurationList section */
		7136A8D11B69D3B800C5709B /* Build configuration list for PBXProject "textFieldSearch" */ = {
			isa = XCConfigurationList;
			buildConfigurations = (
				7136A8F71B69D3B900C5709B /* Debug */,
				7136A8F81B69D3B900C5709B /* Release */,
			);
			defaultConfigurationIsVisible = 0;
			defaultConfigurationName = Release;
		};
		7136A8F91B69D3B900C5709B /* Build configuration list for PBXNativeTarget "textFieldSearch" */ = {
			isa = XCConfigurationList;
			buildConfigurations = (
				7136A8FA1B69D3B900C5709B /* Debug */,
				7136A8FB1B69D3B900C5709B /* Release */,
			);
			defaultConfigurationIsVisible = 0;
			defaultConfigurationName = Release;
		};
		7136A8FC1B69D3B900C5709B /* Build configuration list for PBXNativeTarget "textFieldSearchTests" */ = {
			isa = XCConfigurationList;
			buildConfigurations = (
				7136A8FD1B69D3B900C5709B /* Debug */,
				7136A8FE1B69D3B900C5709B /* Release */,
			);
			defaultConfigurationIsVisible = 0;
			defaultConfigurationName = Release;
		};
/* End XCConfigurationList section */
	};
	rootObject = 7136A8CE1B69D3B800C5709B /* Project object */;
}
